
Microsoft Visual Studio Solution File, Format Version 12.00
# Visual Studio Version 16
VisualStudioVersion = 16.0.30114.105
MinimumVisualStudioVersion = 10.0.40219.1
Project("{9A19103F-16F7-4668-BE54-9A1E7A4F7556}") = "web", "web\web.csproj", "{01C98DD9-838F-46DC-A439-BB5111448A0E}"
EndProject
Project("{9A19103F-16F7-4668-BE54-9A1E7A4F7556}") = "application", "application\application.csproj", "{73C6AB87-E5B8-480D-9A73-FA67D84F2BC8}"
EndProject
Project("{9A19103F-16F7-4668-BE54-9A1E7A4F7556}") = "domain", "domain\domain.csproj", "{99921A9F-F28D-445E-870C-DD077DB4FA78}"
EndProject
Project("{9A19103F-16F7-4668-BE54-9A1E7A4F7556}") = "persistence", "persistence\persistence.csproj", "{14FCF268-90DA-4258-B778-A74416E8E230}"
EndProject
Global
	GlobalSection(SolutionConfigurationPlatforms) = preSolution
		Debug|Any CPU = Debug|Any CPU
		Debug|x64 = Debug|x64
		Debug|x86 = Debug|x86
		Release|Any CPU = Release|Any CPU
		Release|x64 = Release|x64
		Release|x86 = Release|x86
	EndGlobalSection
	GlobalSection(ProjectConfigurationPlatforms) = postSolution
		{01C98DD9-838F-46DC-A439-BB5111448A0E}.Debug|Any CPU.ActiveCfg = Debug|Any CPU
		{01C98DD9-838F-46DC-A439-BB5111448A0E}.Debug|Any CPU.Build.0 = Debug|Any CPU
		{01C98DD9-838F-46DC-A439-BB5111448A0E}.Debug|x64.ActiveCfg = Debug|Any CPU
		{01C98DD9-838F-46DC-A439-BB5111448A0E}.Debug|x64.Build.0 = Debug|Any CPU
		{01C98DD9-838F-46DC-A439-BB5111448A0E}.Debug|x86.ActiveCfg = Debug|Any CPU
		{01C98DD9-838F-46DC-A439-BB5111448A0E}.Debug|x86.Build.0 = Debug|Any CPU
		{01C98DD9-838F-46DC-A439-BB5111448A0E}.Release|Any CPU.ActiveCfg = Release|Any CPU
		{01C98DD9-838F-46DC-A439-BB5111448A0E}.Release|Any CPU.Build.0 = Release|Any CPU
		{01C98DD9-838F-46DC-A439-BB5111448A0E}.Release|x64.ActiveCfg = Release|Any CPU
		{01C98DD9-838F-46DC-A439-BB5111448A0E}.Release|x64.Build.0 = Release|Any CPU
		{01C98DD9-838F-46DC-A439-BB5111448A0E}.Release|x86.ActiveCfg = Release|Any CPU
		{01C98DD9-838F-46DC-A439-BB5111448A0E}.Release|x86.Build.0 = Release|Any CPU
		{73C6AB87-E5B8-480D-9A73-FA67D84F2BC8}.Debug|Any CPU.ActiveCfg = Debug|Any CPU
		{73C6AB87-E5B8-480D-9A73-FA67D84F2BC8}.Debug|Any CPU.Build.0 = Debug|Any CPU
		{73C6AB87-E5B8-480D-9A73-FA67D84F2BC8}.Debug|x64.ActiveCfg = Debug|Any CPU
		{73C6AB87-E5B8-480D-9A73-FA67D84F2BC8}.Debug|x64.Build.0 = Debug|Any CPU
		{73C6AB87-E5B8-480D-9A73-FA67D84F2BC8}.Debug|x86.ActiveCfg = Debug|Any CPU
		{73C6AB87-E5B8-480D-9A73-FA67D84F2BC8}.Debug|x86.Build.0 = Debug|Any CPU
		{73C6AB87-E5B8-480D-9A73-FA67D84F2BC8}.Release|Any CPU.ActiveCfg = Release|Any CPU
		{73C6AB87-E5B8-480D-9A73-FA67D84F2BC8}.Release|Any CPU.Build.0 = Release|Any CPU
		{73C6AB87-E5B8-480D-9A73-FA67D84F2BC8}.Release|x64.ActiveCfg = Release|Any CPU
		{73C6AB87-E5B8-480D-9A73-FA67D84F2BC8}.Release|x64.Build.0 = Release|Any CPU
		{73C6AB87-E5B8-480D-9A73-FA67D84F2BC8}.Release|x86.ActiveCfg = Release|Any CPU
		{73C6AB87-E5B8-480D-9A73-FA67D84F2BC8}.Release|x86.Build.0 = Release|Any CPU
		{99921A9F-F28D-445E-870C-DD077DB4FA78}.Debug|Any CPU.ActiveCfg = Debug|Any CPU
		{99921A9F-F28D-445E-870C-DD077DB4FA78}.Debug|Any CPU.Build.0 = Debug|Any CPU
		{99921A9F-F28D-445E-870C-DD077DB4FA78}.Debug|x64.ActiveCfg = Debug|Any CPU
		{99921A9F-F28D-445E-870C-DD077DB4FA78}.Debug|x64.Build.0 = Debug|Any CPU
		{99921A9F-F28D-445E-870C-DD077DB4FA78}.Debug|x86.ActiveCfg = Debug|Any CPU
		{99921A9F-F28D-445E-870C-DD077DB4FA78}.Debug|x86.Build.0 = Debug|Any CPU
		{99921A9F-F28D-445E-870C-DD077DB4FA78}.Release|Any CPU.ActiveCfg = Release|Any CPU
		{99921A9F-F28D-445E-870C-DD077DB4FA78}.Release|Any CPU.Build.0 = Release|Any CPU
		{99921A9F-F28D-445E-870C-DD077DB4FA78}.Release|x64.ActiveCfg = Release|Any CPU
		{99921A9F-F28D-445E-870C-DD077DB4FA78}.Release|x64.Build.0 = Release|Any CPU
		{99921A9F-F28D-445E-870C-DD077DB4FA78}.Release|x86.ActiveCfg = Release|Any CPU
		{99921A9F-F28D-445E-870C-DD077DB4FA78}.Release|x86.Build.0 = Release|Any CPU
		{14FCF268-90DA-4258-B778-A74416E8E230}.Debug|Any CPU.ActiveCfg = Debug|Any CPU
		{14FCF268-90DA-4258-B778-A74416E8E230}.Debug|Any CPU.Build.0 = Debug|Any CPU
		{14FCF268-90DA-4258-B778-A74416E8E230}.Debug|x64.ActiveCfg = Debug|Any CPU
		{14FCF268-90DA-4258-B778-A74416E8E230}.Debug|x64.Build.0 = Debug|Any CPU
		{14FCF268-90DA-4258-B778-A74416E8E230}.Debug|x86.ActiveCfg = Debug|Any CPU
		{14FCF268-90DA-4258-B778-A74416E8E230}.Debug|x86.Build.0 = Debug|Any CPU
		{14FCF268-90DA-4258-B778-A74416E8E230}.Release|Any CPU.ActiveCfg = Release|Any CPU
		{14FCF268-90DA-4258-B778-A74416E8E230}.Release|Any CPU.Build.0 = Release|Any CPU
		{14FCF268-90DA-4258-B778-A74416E8E230}.Release|x64.ActiveCfg = Release|Any CPU
		{14FCF268-90DA-4258-B778-A74416E8E230}.Release|x64.Build.0 = Release|Any CPU
		{14FCF268-90DA-4258-B778-A74416E8E230}.Release|x86.ActiveCfg = Release|Any CPU
		{14FCF268-90DA-4258-B778-A74416E8E230}.Release|x86.Build.0 = Release|Any CPU
	EndGlobalSection
	GlobalSection(SolutionProperties) = preSolution
		HideSolutionNode = FALSE
	EndGlobalSection
	GlobalSection(ExtensibilityGlobals) = postSolution
		SolutionGuid = {93EB2215-4F58-45F6-AA4D-38B313A426D1}
	EndGlobalSection
EndGlobal
